<?xml version="1.0" encoding="utf-8"?>
<Project ToolsVersion="4.0" xmlns="http://schemas.microsoft.com/developer/msbuild/2003">
  <ItemGroup>
    <Filter Include="Pliki źródłowe">
      <UniqueIdentifier>{4FC737F1-C7A5-4376-A066-2A32D752A2FF}</UniqueIdentifier>
      <Extensions>cpp;c;cc;cxx;c++;cppm;ixx;def;odl;idl;hpj;bat;asm;asmx</Extensions>
    </Filter>
    <Filter Include="Pliki nagłówkowe">
      <UniqueIdentifier>{93995380-89BD-4b04-88EB-625FBE52EBFB}</UniqueIdentifier>
      <Extensions>h;hh;hpp;hxx;h++;hm;inl;inc;ipp;xsd</Extensions>
    </Filter>
    <Filter Include="Pliki zasobów">
      <UniqueIdentifier>{67DA6AB6-F800-4c08-8B7A-83BB121AAD01}</UniqueIdentifier>
      <Extensions>rc;ico;cur;bmp;dlg;rc2;rct;bin;rgs;gif;jpg;jpeg;jpe;resx;tiff;tif;png;wav;mfcribbon-ms</Extensions>
    </Filter>
    <Filter Include="Pliki źródłowe\labyrinth">
      <UniqueIdentifier>{82cfbef7-81f4-44e6-a5b4-4611321ea86a}</UniqueIdentifier>
    </Filter>
    <Filter Include="Pliki źródłowe\player">
      <UniqueIdentifier>{b759edb4-9e2c-49c9-8d6f-ddf0745c43e4}</UniqueIdentifier>
    </Filter>
    <Filter Include="Pliki źródłowe\lighting">
      <UniqueIdentifier>{0dfb8dc8-227e-4c9b-9b93-e77b87b859fb}</UniqueIdentifier>
    </Filter>
    <Filter Include="Pliki źródłowe\items">
      <UniqueIdentifier>{55587604-72dc-4dd1-8496-91f7b688db4c}</UniqueIdentifier>
    </Filter>
    <Filter Include="Pliki źródłowe\shaders">
      <UniqueIdentifier>{c76f5185-c409-43d1-8ec7-5dafdd6ea432}</UniqueIdentifier>
    </Filter>
  </ItemGroup>
  <ItemGroup>
    <ClCompile Include="src\main.cpp">
      <Filter>Pliki źródłowe</Filter>
    </ClCompile>
    <ClCompile Include="src\lighting\Shader.cpp">
      <Filter>Pliki źródłowe\lighting</Filter>
    </ClCompile>
    <ClCompile Include="src\labyrinth\Labyrinth.cpp">
      <Filter>Pliki źródłowe\labyrinth</Filter>
    </ClCompile>
    <ClCompile Include="..\..\..\..\..\..\Program Files (x86)\Microsoft Visual Studio\Libs\GLAD\src\glad.c">
      <Filter>Pliki źródłowe</Filter>
    </ClCompile>
  </ItemGroup>
  <ItemGroup>
    <Text Include="CMakeLists.txt" />
  </ItemGroup>
  <ItemGroup>
    <ClInclude Include="src\lighting\Shader.h">
      <Filter>Pliki źródłowe\lighting</Filter>
    </ClInclude>
    <ClInclude Include="Labyrinth.h">
      <Filter>Pliki źródłowe\labyrinth</Filter>
    </ClInclude>
    <ClInclude Include="Camera.h">
      <Filter>Pliki źródłowe\player</Filter>
    </ClInclude>
  </ItemGroup>
  <ItemGroup>
    <None Include="src\shaders\fragment_shader.fs">
      <Filter>Pliki źródłowe\shaders</Filter>
    </None>
    <None Include="src\shaders\vertex_shader.vs">
      <Filter>Pliki źródłowe\shaders</Filter>
    </None>
  </ItemGroup>
</Project>